
Microsoft Visual Studio Solution File, Format Version 12.00
# Visual Studio Version 17
VisualStudioVersion = 17.1.32319.34
MinimumVisualStudioVersion = 10.0.40219.1
Project("{FAE04EC0-301F-11D3-BF4B-00C04F79EFBC}") = "FinancialTamkeen_BlogAPI", "FinancialTamkeen_BlogAPI\FinancialTamkeen_BlogAPI.csproj", "{A71ED048-1944-428A-945D-7028FD5C2CCE}"
EndProject
Global
	GlobalSection(SolutionConfigurationPlatforms) = preSolution
		Debug|Any CPU = Debug|Any CPU
		Release|Any CPU = Release|Any CPU
	EndGlobalSection
	GlobalSection(ProjectConfigurationPlatforms) = postSolution
		{A71ED048-1944-428A-945D-7028FD5C2CCE}.Debug|Any CPU.ActiveCfg = Debug|Any CPU
		{A71ED048-1944-428A-945D-7028FD5C2CCE}.Debug|Any CPU.Build.0 = Debug|Any CPU
		{A71ED048-1944-428A-945D-7028FD5C2CCE}.Release|Any CPU.ActiveCfg = Release|Any CPU
		{A71ED048-1944-428A-945D-7028FD5C2CCE}.Release|Any CPU.Build.0 = Release|Any CPU
	EndGlobalSection
	GlobalSection(SolutionProperties) = preSolution
		HideSolutionNode = FALSE
	EndGlobalSection
	GlobalSection(ExtensibilityGlobals) = postSolution
		SolutionGuid = {63431C72-FC35-4BE4-A794-AB07BDFF032B}
	EndGlobalSection
EndGlobal
